// !$*UTF8*$!
{
	archiveVersion = 1;
	classes = {
	};
	objectVersion = 46;
	objects = {

/* Begin PBXAggregateTarget section */
		1E4971AF6DFE4ECA9F0F8BE0 /* ZERO_CHECK */ = {
			isa = PBXAggregateTarget;
			buildConfigurationList = 8B10B6F4CCAA4432B44F079F /* Build configuration list for PBXAggregateTarget "ZERO_CHECK" */;
			buildPhases = (
				CD931F7DC75D48008E904337 /* CMake Rules */,
			);
			dependencies = (
			);
			name = ZERO_CHECK;
			productName = ZERO_CHECK;
		};
		95D8977ABF3C4B429C3CDDAF /* ALL_BUILD */ = {
			isa = PBXAggregateTarget;
			buildConfigurationList = AC6450F0207A4809AEDDA246 /* Build configuration list for PBXAggregateTarget "ALL_BUILD" */;
			buildPhases = (
				754B650F797C49A091A282FB /* CMake Rules */,
			);
			dependencies = (
				CDD1962EAC324B7F9363A957 /* PBXTargetDependency */,
				3B88A594A9AC402EA2699846 /* PBXTargetDependency */,
			);
			name = ALL_BUILD;
			productName = ALL_BUILD;
		};
/* End PBXAggregateTarget section */

/* Begin PBXBuildFile section */
		5DF90307F10047508B01E87F /* /Volumes/LMR_1T/base/ee/information-science-code/is-practice/ch3/src/ch3.cpp */ = {isa = PBXBuildFile; fileRef = 30C49388AD9A4876BF5834B4 /* /Volumes/LMR_1T/base/ee/information-science-code/is-practice/ch3/src/ch3.cpp */; };
		E0C2752B11794EA0B94DBABA /* /Volumes/LMR_1T/base/ee/information-science-code/is-practice/ch3/CMakeLists.txt */ = {isa = PBXBuildFile; fileRef = 0DB634716D48437B8C360AD8 /* /Volumes/LMR_1T/base/ee/information-science-code/is-practice/ch3/CMakeLists.txt */; };
		FFDB422ED1F4497FAA9B5435 /* /Volumes/LMR_1T/base/ee/information-science-code/is-practice/ch3/main.cpp */ = {isa = PBXBuildFile; fileRef = 9A1CE70F64144DC7875649BF /* /Volumes/LMR_1T/base/ee/information-science-code/is-practice/ch3/main.cpp */; };
/* End PBXBuildFile section */

/* Begin PBXBuildStyle section */
		060BEBD15EE34C26A87122B9 /* Debug */ = {
			isa = PBXBuildStyle;
			buildSettings = {
				COPY_PHASE_STRIP = NO;
			};
			name = Debug;
		};
		32052ED4C43D4BC29C56BE6F /* MinSizeRel */ = {
			isa = PBXBuildStyle;
			buildSettings = {
				COPY_PHASE_STRIP = NO;
			};
			name = MinSizeRel;
		};
		8E471C06A2A446ED9EE37033 /* RelWithDebInfo */ = {
			isa = PBXBuildStyle;
			buildSettings = {
				COPY_PHASE_STRIP = NO;
			};
			name = RelWithDebInfo;
		};
		912A05751031447CAB11951C /* Release */ = {
			isa = PBXBuildStyle;
			buildSettings = {
				COPY_PHASE_STRIP = NO;
			};
			name = Release;
		};
/* End PBXBuildStyle section */

/* Begin PBXContainerItemProxy section */
		836F8EC17A834F83AD087885 /* PBXContainerItemProxy */ = {
			isa = PBXContainerItemProxy;
			containerPortal = 23886F4CF0C54262BF74F4CA /* Project object */;
			proxyType = 1;
			remoteGlobalIDString = C5612914BB4542C8B126D5DF;
			remoteInfo = ch3;
		};
		D4DE7ABD1AEA44908D4AA853 /* PBXContainerItemProxy */ = {
			isa = PBXContainerItemProxy;
			containerPortal = 23886F4CF0C54262BF74F4CA /* Project object */;
			proxyType = 1;
			remoteGlobalIDString = 1E4971AF6DFE4ECA9F0F8BE0;
			remoteInfo = ZERO_CHECK;
		};
		EED5957FB69E4191A1E0DE68 /* PBXContainerItemProxy */ = {
			isa = PBXContainerItemProxy;
			containerPortal = 23886F4CF0C54262BF74F4CA /* Project object */;
			proxyType = 1;
			remoteGlobalIDString = 1E4971AF6DFE4ECA9F0F8BE0;
			remoteInfo = ZERO_CHECK;
		};
/* End PBXContainerItemProxy section */

/* Begin PBXFileReference section */
		0DB634716D48437B8C360AD8 /* /Volumes/LMR_1T/base/ee/information-science-code/is-practice/ch3/CMakeLists.txt */ = {isa = PBXFileReference; explicitFileType = sourcecode.text; fileEncoding = 4; name = CMakeLists.txt; path = CMakeLists.txt; sourceTree = SOURCE_ROOT; };
		30C49388AD9A4876BF5834B4 /* /Volumes/LMR_1T/base/ee/information-science-code/is-practice/ch3/src/ch3.cpp */ = {isa = PBXFileReference; explicitFileType = sourcecode.cpp.cpp; fileEncoding = 4; name = ch3.cpp; path = src/ch3.cpp; sourceTree = SOURCE_ROOT; };
		7E17711D7AAC40ADB45FFDF9 /* /Volumes/LMR_1T/base/ee/information-science-code/is-practice/ch3/CMakeLists.txt */ = {isa = PBXFileReference; explicitFileType = sourcecode.text; fileEncoding = 4; name = CMakeLists.txt; path = CMakeLists.txt; sourceTree = SOURCE_ROOT; };
		9A1CE70F64144DC7875649BF /* /Volumes/LMR_1T/base/ee/information-science-code/is-practice/ch3/main.cpp */ = {isa = PBXFileReference; explicitFileType = sourcecode.cpp.cpp; fileEncoding = 4; name = main.cpp; path = main.cpp; sourceTree = SOURCE_ROOT; };
		B638B84A7A7B48BD83C92991 /* ch3 */ = {isa = PBXFileReference; explicitFileType = "compiled.mach-o.executable"; path = ch3; sourceTree = BUILT_PRODUCTS_DIR; };
/* End PBXFileReference section */

/* Begin PBXGroup section */
		230AE66C32244E9DB17D0E3A /* ALL_BUILD */ = {
			isa = PBXGroup;
			children = (
				6BD83A515A474CF1B98D28F1 /* CMake Rules */,
				7E17711D7AAC40ADB45FFDF9 /* /Volumes/LMR_1T/base/ee/information-science-code/is-practice/ch3/CMakeLists.txt */,
			);
			name = ALL_BUILD;
			sourceTree = "<group>";
		};
		6BD83A515A474CF1B98D28F1 /* CMake Rules */ = {
			isa = PBXGroup;
			children = (
			);
			name = "CMake Rules";
			sourceTree = "<group>";
		};
		73F21DCDB7E5478AB41BDFFF /* Products */ = {
			isa = PBXGroup;
			children = (
				B638B84A7A7B48BD83C92991 /* ch3 */,
			);
			name = Products;
			sourceTree = "<group>";
		};
		9BC88153F6E74669B4459838 /* ch3 */ = {
			isa = PBXGroup;
			children = (
				E0D7EC110E8048B7BB1120FE /* Source Files */,
				0DB634716D48437B8C360AD8 /* /Volumes/LMR_1T/base/ee/information-science-code/is-practice/ch3/CMakeLists.txt */,
			);
			name = ch3;
			sourceTree = "<group>";
		};
		E0D7EC110E8048B7BB1120FE /* Source Files */ = {
			isa = PBXGroup;
			children = (
				9A1CE70F64144DC7875649BF /* /Volumes/LMR_1T/base/ee/information-science-code/is-practice/ch3/main.cpp */,
				30C49388AD9A4876BF5834B4 /* /Volumes/LMR_1T/base/ee/information-science-code/is-practice/ch3/src/ch3.cpp */,
			);
			name = "Source Files";
			sourceTree = "<group>";
		};
		E960395EDF8B4D4C9D3449A9 = {
			isa = PBXGroup;
			children = (
				9BC88153F6E74669B4459838 /* ch3 */,
				230AE66C32244E9DB17D0E3A /* ALL_BUILD */,
				73F21DCDB7E5478AB41BDFFF /* Products */,
			);
			sourceTree = "<group>";
		};
/* End PBXGroup section */

/* Begin PBXNativeTarget section */
		C5612914BB4542C8B126D5DF /* ch3 */ = {
			isa = PBXNativeTarget;
			buildConfigurationList = 2A51C3A2A1504CE8A942C61F /* Build configuration list for PBXNativeTarget "ch3" */;
			buildPhases = (
				F2FB56931B8741D3BEB12B88 /* Sources */,
			);
			buildRules = (
			);
			dependencies = (
				6DE13CA13B92472DA5E2A83A /* PBXTargetDependency */,
			);
			name = ch3;
			productName = ch3;
			productReference = B638B84A7A7B48BD83C92991 /* ch3 */;
			productType = "com.apple.product-type.tool";
		};
/* End PBXNativeTarget section */

/* Begin PBXProject section */
		23886F4CF0C54262BF74F4CA /* Project object */ = {
			isa = PBXProject;
			attributes = {
				BuildIndependentTargetsInParallel = YES;
				LastUpgradeCheck = 0930;
			};
			buildConfigurationList = 0274357D6809498DAE72CFC2 /* Build configuration list for PBXProject "ch3" */;
			buildSettings = {
			};
			buildStyles = (
				060BEBD15EE34C26A87122B9 /* Debug */,
				912A05751031447CAB11951C /* Release */,
				32052ED4C43D4BC29C56BE6F /* MinSizeRel */,
				8E471C06A2A446ED9EE37033 /* RelWithDebInfo */,
			);
			compatibilityVersion = "Xcode 3.2";
			hasScannedForEncodings = 0;
			mainGroup = E960395EDF8B4D4C9D3449A9;
			projectDirPath = ../;
			projectRoot = "";
			targets = (
				95D8977ABF3C4B429C3CDDAF /* ALL_BUILD */,
				1E4971AF6DFE4ECA9F0F8BE0 /* ZERO_CHECK */,
				C5612914BB4542C8B126D5DF /* ch3 */,
			);
		};
/* End PBXProject section */

/* Begin PBXShellScriptBuildPhase section */
		74BDFEFAC3B84B1B81DFA8CE = {
			isa = PBXShellScriptBuildPhase;
			buildActionMask = 2147483647;
			files = (
			);
			inputPaths = (
			);
			outputPaths = (
			);
			runOnlyForDeploymentPostprocessing = 0;
			shellPath = /bin/sh;
			shellScript = "# shell script goes here
exit 0";
			showEnvVarsInLog = 0;
		};
		754B650F797C49A091A282FB /* CMake Rules */ = {
			isa = PBXShellScriptBuildPhase;
			buildActionMask = 2147483647;
			files = (
			);
			name = "CMake Rules";
			runOnlyForDeploymentPostprocessing = 0;
			shellPath = /bin/sh;
			shellScript = "make -C /Volumes/LMR_1T/base/ee/information-science-code/is-practice/ch3/build-mac -f /Volumes/LMR_1T/base/ee/information-science-code/is-practice/ch3/build-mac/CMakeScripts/ALL_BUILD_cmakeRulesBuildPhase.make$CONFIGURATION all";
			showEnvVarsInLog = 0;
		};
		CD931F7DC75D48008E904337 /* CMake Rules */ = {
			isa = PBXShellScriptBuildPhase;
			buildActionMask = 2147483647;
			files = (
			);
			name = "CMake Rules";
			runOnlyForDeploymentPostprocessing = 0;
			shellPath = /bin/sh;
			shellScript = "make -C /Volumes/LMR_1T/base/ee/information-science-code/is-practice/ch3/build-mac -f /Volumes/LMR_1T/base/ee/information-science-code/is-practice/ch3/build-mac/CMakeScripts/ZERO_CHECK_cmakeRulesBuildPhase.make$CONFIGURATION all";
			showEnvVarsInLog = 0;
		};
		F518C28DC2FD4C3FB394BECE = {
			isa = PBXShellScriptBuildPhase;
			buildActionMask = 2147483647;
			files = (
			);
			inputPaths = (
			);
			outputPaths = (
			);
			runOnlyForDeploymentPostprocessing = 0;
			shellPath = /bin/sh;
			shellScript = "# shell script goes here
exit 0";
			showEnvVarsInLog = 0;
		};
/* End PBXShellScriptBuildPhase section */

/* Begin PBXSourcesBuildPhase section */
		F2FB56931B8741D3BEB12B88 /* Sources */ = {
			isa = PBXSourcesBuildPhase;
			buildActionMask = 2147483647;
			files = (
				FFDB422ED1F4497FAA9B5435 /* /Volumes/LMR_1T/base/ee/information-science-code/is-practice/ch3/main.cpp */,
				5DF90307F10047508B01E87F /* /Volumes/LMR_1T/base/ee/information-science-code/is-practice/ch3/src/ch3.cpp */,
			);
			runOnlyForDeploymentPostprocessing = 0;
		};
/* End PBXSourcesBuildPhase section */

/* Begin PBXTargetDependency section */
		3B88A594A9AC402EA2699846 /* PBXTargetDependency */ = {
			isa = PBXTargetDependency;
			target = 1E4971AF6DFE4ECA9F0F8BE0 /* ZERO_CHECK */;
			targetProxy = EED5957FB69E4191A1E0DE68 /* PBXContainerItemProxy */;
		};
		6DE13CA13B92472DA5E2A83A /* PBXTargetDependency */ = {
			isa = PBXTargetDependency;
			target = 1E4971AF6DFE4ECA9F0F8BE0 /* ZERO_CHECK */;
			targetProxy = D4DE7ABD1AEA44908D4AA853 /* PBXContainerItemProxy */;
		};
		CDD1962EAC324B7F9363A957 /* PBXTargetDependency */ = {
			isa = PBXTargetDependency;
			target = C5612914BB4542C8B126D5DF /* ch3 */;
			targetProxy = 836F8EC17A834F83AD087885 /* PBXContainerItemProxy */;
		};
/* End PBXTargetDependency section */

/* Begin XCBuildConfiguration section */
		05343E5D48D54D938C3A1340 /* Debug */ = {
			isa = XCBuildConfiguration;
			buildSettings = {
				ONLY_ACTIVE_ARCH = YES;
				SDKROOT = /Applications/Xcode.app/Contents/Developer/Platforms/MacOSX.platform/Developer/SDKs/MacOSX10.13.sdk;
				SYMROOT = "/Volumes/LMR_1T/base/ee/information-science-code/is-practice/ch3/build-mac/build";
			};
			name = Debug;
		};
		3C0F0F56F7B9419EAD57E050 /* Release */ = {
			isa = XCBuildConfiguration;
			buildSettings = {
				COMBINE_HIDPI_IMAGES = YES;
				GCC_GENERATE_DEBUGGING_SYMBOLS = YES;
				GCC_INLINES_ARE_PRIVATE_EXTERN = NO;
				GCC_OPTIMIZATION_LEVEL = 0;
				GCC_PREPROCESSOR_DEFINITIONS = ("'CMAKE_INTDIR=\"$(CONFIGURATION)$(EFFECTIVE_PLATFORM_NAME)\"'");
				GCC_SYMBOLS_PRIVATE_EXTERN = NO;
				INSTALL_PATH = "";
				OTHER_LDFLAGS = " ";
				OTHER_REZFLAGS = "";
				PRODUCT_NAME = ALL_BUILD;
				SECTORDER_FLAGS = "";
				SYMROOT = "/Volumes/LMR_1T/base/ee/information-science-code/is-practice/ch3/build-mac";
				USE_HEADERMAP = NO;
				WARNING_CFLAGS = ("-Wmost","-Wno-four-char-constants","-Wno-unknown-pragmas","$(inherited)");
			};
			name = Release;
		};
		46D6E231F7C54246969B0815 /* RelWithDebInfo */ = {
			isa = XCBuildConfiguration;
			buildSettings = {
				ONLY_ACTIVE_ARCH = YES;
				SDKROOT = /Applications/Xcode.app/Contents/Developer/Platforms/MacOSX.platform/Developer/SDKs/MacOSX10.13.sdk;
				SYMROOT = "/Volumes/LMR_1T/base/ee/information-science-code/is-practice/ch3/build-mac/build";
			};
			name = RelWithDebInfo;
		};
		6DD75CF7889F437E8C63070B /* Release */ = {
			isa = XCBuildConfiguration;
			buildSettings = {
				COMBINE_HIDPI_IMAGES = YES;
				EXECUTABLE_PREFIX = "";
				EXECUTABLE_SUFFIX = "";
				GCC_GENERATE_DEBUGGING_SYMBOLS = NO;
				GCC_INLINES_ARE_PRIVATE_EXTERN = NO;
				GCC_OPTIMIZATION_LEVEL = 3;
				GCC_PREPROCESSOR_DEFINITIONS = ("'CMAKE_INTDIR=\"$(CONFIGURATION)$(EFFECTIVE_PLATFORM_NAME)\"'");
				GCC_SYMBOLS_PRIVATE_EXTERN = NO;
				HEADER_SEARCH_PATHS = ("/Volumes/LMR_1T/base/ee/information-science-code/is-practice/ch3/head");
				INSTALL_PATH = "";
				LIBRARY_SEARCH_PATHS = "";
				OTHER_CPLUSPLUSFLAGS = "     -Wall  ";
				OTHER_LDFLAGS = " -Wl,-search_paths_first -Wl,-headerpad_max_install_names  ";
				OTHER_REZFLAGS = "";
				PRODUCT_NAME = ch3;
				SECTORDER_FLAGS = "";
				SYMROOT = "/Volumes/LMR_1T/base/ee/information-science-code/is-practice/ch3/build-mac";
				USE_HEADERMAP = NO;
				WARNING_CFLAGS = ("-Wmost","-Wno-four-char-constants","-Wno-unknown-pragmas","$(inherited)");
			};
			name = Release;
		};
		6ED501F27E29410790F4CEEF /* Release */ = {
			isa = XCBuildConfiguration;
			buildSettings = {
				COMBINE_HIDPI_IMAGES = YES;
				GCC_GENERATE_DEBUGGING_SYMBOLS = YES;
				GCC_INLINES_ARE_PRIVATE_EXTERN = NO;
				GCC_OPTIMIZATION_LEVEL = 0;
				GCC_PREPROCESSOR_DEFINITIONS = ("'CMAKE_INTDIR=\"$(CONFIGURATION)$(EFFECTIVE_PLATFORM_NAME)\"'");
				GCC_SYMBOLS_PRIVATE_EXTERN = NO;
				INSTALL_PATH = "";
				OTHER_LDFLAGS = " ";
				OTHER_REZFLAGS = "";
				PRODUCT_NAME = ZERO_CHECK;
				SECTORDER_FLAGS = "";
				SYMROOT = "/Volumes/LMR_1T/base/ee/information-science-code/is-practice/ch3/build-mac";
				USE_HEADERMAP = NO;
				WARNING_CFLAGS = ("-Wmost","-Wno-four-char-constants","-Wno-unknown-pragmas","$(inherited)");
			};
			name = Release;
		};
		7BD8C2F5C16A4835A3D315AA /* RelWithDebInfo */ = {
			isa = XCBuildConfiguration;
			buildSettings = {
				COMBINE_HIDPI_IMAGES = YES;
				EXECUTABLE_PREFIX = "";
				EXECUTABLE_SUFFIX = "";
				GCC_GENERATE_DEBUGGING_SYMBOLS = YES;
				GCC_INLINES_ARE_PRIVATE_EXTERN = NO;
				GCC_OPTIMIZATION_LEVEL = 2;
				GCC_PREPROCESSOR_DEFINITIONS = ("'CMAKE_INTDIR=\"$(CONFIGURATION)$(EFFECTIVE_PLATFORM_NAME)\"'");
				GCC_SYMBOLS_PRIVATE_EXTERN = NO;
				HEADER_SEARCH_PATHS = ("/Volumes/LMR_1T/base/ee/information-science-code/is-practice/ch3/head");
				INSTALL_PATH = "";
				LIBRARY_SEARCH_PATHS = "";
				OTHER_CPLUSPLUSFLAGS = "       -DNDEBUG  ";
				OTHER_LDFLAGS = " -Wl,-search_paths_first -Wl,-headerpad_max_install_names  ";
				OTHER_REZFLAGS = "";
				PRODUCT_NAME = ch3;
				SECTORDER_FLAGS = "";
				SYMROOT = "/Volumes/LMR_1T/base/ee/information-science-code/is-practice/ch3/build-mac";
				USE_HEADERMAP = NO;
				WARNING_CFLAGS = ("-Wmost","-Wno-four-char-constants","-Wno-unknown-pragmas","$(inherited)");
			};
			name = RelWithDebInfo;
		};
		7FD323FE6B1D4E75B03554F7 /* RelWithDebInfo */ = {
			isa = XCBuildConfiguration;
			buildSettings = {
				COMBINE_HIDPI_IMAGES = YES;
				GCC_GENERATE_DEBUGGING_SYMBOLS = YES;
				GCC_INLINES_ARE_PRIVATE_EXTERN = NO;
				GCC_OPTIMIZATION_LEVEL = 0;
				GCC_PREPROCESSOR_DEFINITIONS = ("'CMAKE_INTDIR=\"$(CONFIGURATION)$(EFFECTIVE_PLATFORM_NAME)\"'");
				GCC_SYMBOLS_PRIVATE_EXTERN = NO;
				INSTALL_PATH = "";
				OTHER_LDFLAGS = " ";
				OTHER_REZFLAGS = "";
				PRODUCT_NAME = ZERO_CHECK;
				SECTORDER_FLAGS = "";
				SYMROOT = "/Volumes/LMR_1T/base/ee/information-science-code/is-practice/ch3/build-mac";
				USE_HEADERMAP = NO;
				WARNING_CFLAGS = ("-Wmost","-Wno-four-char-constants","-Wno-unknown-pragmas","$(inherited)");
			};
			name = RelWithDebInfo;
		};
		93363A3129D54BE297D1476C /* MinSizeRel */ = {
			isa = XCBuildConfiguration;
			buildSettings = {
				ONLY_ACTIVE_ARCH = YES;
				SDKROOT = /Applications/Xcode.app/Contents/Developer/Platforms/MacOSX.platform/Developer/SDKs/MacOSX10.13.sdk;
				SYMROOT = "/Volumes/LMR_1T/base/ee/information-science-code/is-practice/ch3/build-mac/build";
			};
			name = MinSizeRel;
		};
		A60FB763718A48B99BB8AD44 /* Debug */ = {
			isa = XCBuildConfiguration;
			buildSettings = {
				COMBINE_HIDPI_IMAGES = YES;
				GCC_GENERATE_DEBUGGING_SYMBOLS = YES;
				GCC_INLINES_ARE_PRIVATE_EXTERN = NO;
				GCC_OPTIMIZATION_LEVEL = 0;
				GCC_PREPROCESSOR_DEFINITIONS = ("'CMAKE_INTDIR=\"$(CONFIGURATION)$(EFFECTIVE_PLATFORM_NAME)\"'");
				GCC_SYMBOLS_PRIVATE_EXTERN = NO;
				INSTALL_PATH = "";
				OTHER_LDFLAGS = " ";
				OTHER_REZFLAGS = "";
				PRODUCT_NAME = ZERO_CHECK;
				SECTORDER_FLAGS = "";
				SYMROOT = "/Volumes/LMR_1T/base/ee/information-science-code/is-practice/ch3/build-mac";
				USE_HEADERMAP = NO;
				WARNING_CFLAGS = ("-Wmost","-Wno-four-char-constants","-Wno-unknown-pragmas","$(inherited)");
			};
			name = Debug;
		};
		B9E0281A207C422282B3C2F0 /* MinSizeRel */ = {
			isa = XCBuildConfiguration;
			buildSettings = {
				COMBINE_HIDPI_IMAGES = YES;
				GCC_GENERATE_DEBUGGING_SYMBOLS = YES;
				GCC_INLINES_ARE_PRIVATE_EXTERN = NO;
				GCC_OPTIMIZATION_LEVEL = 0;
				GCC_PREPROCESSOR_DEFINITIONS = ("'CMAKE_INTDIR=\"$(CONFIGURATION)$(EFFECTIVE_PLATFORM_NAME)\"'");
				GCC_SYMBOLS_PRIVATE_EXTERN = NO;
				INSTALL_PATH = "";
				OTHER_LDFLAGS = " ";
				OTHER_REZFLAGS = "";
				PRODUCT_NAME = ZERO_CHECK;
				SECTORDER_FLAGS = "";
				SYMROOT = "/Volumes/LMR_1T/base/ee/information-science-code/is-practice/ch3/build-mac";
				USE_HEADERMAP = NO;
				WARNING_CFLAGS = ("-Wmost","-Wno-four-char-constants","-Wno-unknown-pragmas","$(inherited)");
			};
			name = MinSizeRel;
		};
		C6FB88F05C5045889EF42689 /* MinSizeRel */ = {
			isa = XCBuildConfiguration;
			buildSettings = {
				COMBINE_HIDPI_IMAGES = YES;
				EXECUTABLE_PREFIX = "";
				EXECUTABLE_SUFFIX = "";
				GCC_GENERATE_DEBUGGING_SYMBOLS = NO;
				GCC_INLINES_ARE_PRIVATE_EXTERN = NO;
				GCC_OPTIMIZATION_LEVEL = s;
				GCC_PREPROCESSOR_DEFINITIONS = ("'CMAKE_INTDIR=\"$(CONFIGURATION)$(EFFECTIVE_PLATFORM_NAME)\"'");
				GCC_SYMBOLS_PRIVATE_EXTERN = NO;
				HEADER_SEARCH_PATHS = ("/Volumes/LMR_1T/base/ee/information-science-code/is-practice/ch3/head");
				INSTALL_PATH = "";
				LIBRARY_SEARCH_PATHS = "";
				OTHER_CPLUSPLUSFLAGS = "    -DNDEBUG  ";
				OTHER_LDFLAGS = " -Wl,-search_paths_first -Wl,-headerpad_max_install_names  ";
				OTHER_REZFLAGS = "";
				PRODUCT_NAME = ch3;
				SECTORDER_FLAGS = "";
				SYMROOT = "/Volumes/LMR_1T/base/ee/information-science-code/is-practice/ch3/build-mac";
				USE_HEADERMAP = NO;
				WARNING_CFLAGS = ("-Wmost","-Wno-four-char-constants","-Wno-unknown-pragmas","$(inherited)");
			};
			name = MinSizeRel;
		};
		CB20CAEBF72E46918BC41EBD /* Debug */ = {
			isa = XCBuildConfiguration;
			buildSettings = {
				COMBINE_HIDPI_IMAGES = YES;
				EXECUTABLE_PREFIX = "";
				EXECUTABLE_SUFFIX = "";
				GCC_GENERATE_DEBUGGING_SYMBOLS = YES;
				GCC_INLINES_ARE_PRIVATE_EXTERN = NO;
				GCC_OPTIMIZATION_LEVEL = 0;
				GCC_PREPROCESSOR_DEFINITIONS = ("'CMAKE_INTDIR=\"$(CONFIGURATION)$(EFFECTIVE_PLATFORM_NAME)\"'");
				GCC_SYMBOLS_PRIVATE_EXTERN = NO;
				HEADER_SEARCH_PATHS = ("/Volumes/LMR_1T/base/ee/information-science-code/is-practice/ch3/head");
				INSTALL_PATH = "";
				LIBRARY_SEARCH_PATHS = "";
				OTHER_CPLUSPLUSFLAGS = "     -Wall           ";
				OTHER_LDFLAGS = " -Wl,-search_paths_first -Wl,-headerpad_max_install_names  ";
				OTHER_REZFLAGS = "";
				PRODUCT_NAME = ch3;
				SECTORDER_FLAGS = "";
				SYMROOT = "/Volumes/LMR_1T/base/ee/information-science-code/is-practice/ch3/build-mac";
				USE_HEADERMAP = NO;
				WARNING_CFLAGS = ("-Wmost","-Wno-four-char-constants","-Wno-unknown-pragmas","$(inherited)");
			};
			name = Debug;
		};
		D728F3A86A7E4B7CB6E4AD0F /* MinSizeRel */ = {
			isa = XCBuildConfiguration;
			buildSettings = {
				COMBINE_HIDPI_IMAGES = YES;
				GCC_GENERATE_DEBUGGING_SYMBOLS = YES;
				GCC_INLINES_ARE_PRIVATE_EXTERN = NO;
				GCC_OPTIMIZATION_LEVEL = 0;
				GCC_PREPROCESSOR_DEFINITIONS = ("'CMAKE_INTDIR=\"$(CONFIGURATION)$(EFFECTIVE_PLATFORM_NAME)\"'");
				GCC_SYMBOLS_PRIVATE_EXTERN = NO;
				INSTALL_PATH = "";
				OTHER_LDFLAGS = " ";
				OTHER_REZFLAGS = "";
				PRODUCT_NAME = ALL_BUILD;
				SECTORDER_FLAGS = "";
				SYMROOT = "/Volumes/LMR_1T/base/ee/information-science-code/is-practice/ch3/build-mac";
				USE_HEADERMAP = NO;
				WARNING_CFLAGS = ("-Wmost","-Wno-four-char-constants","-Wno-unknown-pragmas","$(inherited)");
			};
			name = MinSizeRel;
		};
		DE15F876D28740E394C851E2 /* Release */ = {
			isa = XCBuildConfiguration;
			buildSettings = {
				ONLY_ACTIVE_ARCH = YES;
				SDKROOT = /Applications/Xcode.app/Contents/Developer/Platforms/MacOSX.platform/Developer/SDKs/MacOSX10.13.sdk;
				SYMROOT = "/Volumes/LMR_1T/base/ee/information-science-code/is-practice/ch3/build-mac/build";
			};
			name = Release;
		};
		EDE350AD2D2A45E4A37233C2 /* RelWithDebInfo */ = {
			isa = XCBuildConfiguration;
			buildSettings = {
				COMBINE_HIDPI_IMAGES = YES;
				GCC_GENERATE_DEBUGGING_SYMBOLS = YES;
				GCC_INLINES_ARE_PRIVATE_EXTERN = NO;
				GCC_OPTIMIZATION_LEVEL = 0;
				GCC_PREPROCESSOR_DEFINITIONS = ("'CMAKE_INTDIR=\"$(CONFIGURATION)$(EFFECTIVE_PLATFORM_NAME)\"'");
				GCC_SYMBOLS_PRIVATE_EXTERN = NO;
				INSTALL_PATH = "";
				OTHER_LDFLAGS = " ";
				OTHER_REZFLAGS = "";
				PRODUCT_NAME = ALL_BUILD;
				SECTORDER_FLAGS = "";
				SYMROOT = "/Volumes/LMR_1T/base/ee/information-science-code/is-practice/ch3/build-mac";
				USE_HEADERMAP = NO;
				WARNING_CFLAGS = ("-Wmost","-Wno-four-char-constants","-Wno-unknown-pragmas","$(inherited)");
			};
			name = RelWithDebInfo;
		};
		FB3EEEF93A7C4B37A4271891 /* Debug */ = {
			isa = XCBuildConfiguration;
			buildSettings = {
				COMBINE_HIDPI_IMAGES = YES;
				GCC_GENERATE_DEBUGGING_SYMBOLS = YES;
				GCC_INLINES_ARE_PRIVATE_EXTERN = NO;
				GCC_OPTIMIZATION_LEVEL = 0;
				GCC_PREPROCESSOR_DEFINITIONS = ("'CMAKE_INTDIR=\"$(CONFIGURATION)$(EFFECTIVE_PLATFORM_NAME)\"'");
				GCC_SYMBOLS_PRIVATE_EXTERN = NO;
				INSTALL_PATH = "";
				OTHER_LDFLAGS = " ";
				OTHER_REZFLAGS = "";
				PRODUCT_NAME = ALL_BUILD;
				SECTORDER_FLAGS = "";
				SYMROOT = "/Volumes/LMR_1T/base/ee/information-science-code/is-practice/ch3/build-mac";
				USE_HEADERMAP = NO;
				WARNING_CFLAGS = ("-Wmost","-Wno-four-char-constants","-Wno-unknown-pragmas","$(inherited)");
			};
			name = Debug;
		};
/* End XCBuildConfiguration section */

/* Begin XCConfigurationList section */
		0274357D6809498DAE72CFC2 /* Build configuration list for PBXProject "ch3" */ = {
			isa = XCConfigurationList;
			buildConfigurations = (
				05343E5D48D54D938C3A1340 /* Debug */,
				DE15F876D28740E394C851E2 /* Release */,
				93363A3129D54BE297D1476C /* MinSizeRel */,
				46D6E231F7C54246969B0815 /* RelWithDebInfo */,
			);
			defaultConfigurationIsVisible = 0;
			defaultConfigurationName = Debug;
		};
		2A51C3A2A1504CE8A942C61F /* Build configuration list for PBXNativeTarget "ch3" */ = {
			isa = XCConfigurationList;
			buildConfigurations = (
				CB20CAEBF72E46918BC41EBD /* Debug */,
				6DD75CF7889F437E8C63070B /* Release */,
				C6FB88F05C5045889EF42689 /* MinSizeRel */,
				7BD8C2F5C16A4835A3D315AA /* RelWithDebInfo */,
			);
			defaultConfigurationIsVisible = 0;
			defaultConfigurationName = Debug;
		};
		8B10B6F4CCAA4432B44F079F /* Build configuration list for PBXAggregateTarget "ZERO_CHECK" */ = {
			isa = XCConfigurationList;
			buildConfigurations = (
				A60FB763718A48B99BB8AD44 /* Debug */,
				6ED501F27E29410790F4CEEF /* Release */,
				B9E0281A207C422282B3C2F0 /* MinSizeRel */,
				7FD323FE6B1D4E75B03554F7 /* RelWithDebInfo */,
			);
			defaultConfigurationIsVisible = 0;
			defaultConfigurationName = Debug;
		};
		AC6450F0207A4809AEDDA246 /* Build configuration list for PBXAggregateTarget "ALL_BUILD" */ = {
			isa = XCConfigurationList;
			buildConfigurations = (
				FB3EEEF93A7C4B37A4271891 /* Debug */,
				3C0F0F56F7B9419EAD57E050 /* Release */,
				D728F3A86A7E4B7CB6E4AD0F /* MinSizeRel */,
				EDE350AD2D2A45E4A37233C2 /* RelWithDebInfo */,
			);
			defaultConfigurationIsVisible = 0;
			defaultConfigurationName = Debug;
		};
/* End XCConfigurationList section */
	};
	rootObject = 23886F4CF0C54262BF74F4CA /* Project object */;
}
